
Microsoft Visual Studio Solution File, Format Version 12.00
# Visual Studio 14
VisualStudioVersion = 14.0.24720.0
MinimumVisualStudioVersion = 10.0.40219.1
Project("{FAE04EC0-301F-11D3-BF4B-00C04F79EFBC}") = "NetGames", "NetGames\NetGames.csproj", "{095565CB-9D49-41B8-85E5-388A1B48128E}"
EndProject
Project("{FAE04EC0-301F-11D3-BF4B-00C04F79EFBC}") = "IGame", "IGame\IGame.csproj", "{A3ABAEAB-9A62-4285-9C43-42D756D46E95}"
EndProject
Project("{FAE04EC0-301F-11D3-BF4B-00C04F79EFBC}") = "SeaBattle", "SeaBattle\SeaBattle.csproj", "{484CB48F-16C7-4BB0-B1B6-B93C652A61DF}"
EndProject
Project("{FAE04EC0-301F-11D3-BF4B-00C04F79EFBC}") = "Tank", "Tank\Tank.csproj", "{BC8BB10B-0D06-4077-9E6E-45D3AD6C288E}"
EndProject
Global
	GlobalSection(SolutionConfigurationPlatforms) = preSolution
		Debug|Any CPU = Debug|Any CPU
		Debug|ARM = Debug|ARM
		Debug|x64 = Debug|x64
		Debug|x86 = Debug|x86
		Release|Any CPU = Release|Any CPU
		Release|ARM = Release|ARM
		Release|x64 = Release|x64
		Release|x86 = Release|x86
	EndGlobalSection
	GlobalSection(ProjectConfigurationPlatforms) = postSolution
		{095565CB-9D49-41B8-85E5-388A1B48128E}.Debug|Any CPU.ActiveCfg = Debug|x86
		{095565CB-9D49-41B8-85E5-388A1B48128E}.Debug|ARM.ActiveCfg = Debug|ARM
		{095565CB-9D49-41B8-85E5-388A1B48128E}.Debug|ARM.Build.0 = Debug|ARM
		{095565CB-9D49-41B8-85E5-388A1B48128E}.Debug|ARM.Deploy.0 = Debug|ARM
		{095565CB-9D49-41B8-85E5-388A1B48128E}.Debug|x64.ActiveCfg = Debug|x64
		{095565CB-9D49-41B8-85E5-388A1B48128E}.Debug|x64.Build.0 = Debug|x64
		{095565CB-9D49-41B8-85E5-388A1B48128E}.Debug|x64.Deploy.0 = Debug|x64
		{095565CB-9D49-41B8-85E5-388A1B48128E}.Debug|x86.ActiveCfg = Debug|x86
		{095565CB-9D49-41B8-85E5-388A1B48128E}.Debug|x86.Build.0 = Debug|x86
		{095565CB-9D49-41B8-85E5-388A1B48128E}.Debug|x86.Deploy.0 = Debug|x86
		{095565CB-9D49-41B8-85E5-388A1B48128E}.Release|Any CPU.ActiveCfg = Release|x86
		{095565CB-9D49-41B8-85E5-388A1B48128E}.Release|ARM.ActiveCfg = Release|ARM
		{095565CB-9D49-41B8-85E5-388A1B48128E}.Release|ARM.Build.0 = Release|ARM
		{095565CB-9D49-41B8-85E5-388A1B48128E}.Release|ARM.Deploy.0 = Release|ARM
		{095565CB-9D49-41B8-85E5-388A1B48128E}.Release|x64.ActiveCfg = Release|x64
		{095565CB-9D49-41B8-85E5-388A1B48128E}.Release|x64.Build.0 = Release|x64
		{095565CB-9D49-41B8-85E5-388A1B48128E}.Release|x64.Deploy.0 = Release|x64
		{095565CB-9D49-41B8-85E5-388A1B48128E}.Release|x86.ActiveCfg = Release|x86
		{095565CB-9D49-41B8-85E5-388A1B48128E}.Release|x86.Build.0 = Release|x86
		{095565CB-9D49-41B8-85E5-388A1B48128E}.Release|x86.Deploy.0 = Release|x86
		{A3ABAEAB-9A62-4285-9C43-42D756D46E95}.Debug|Any CPU.ActiveCfg = Debug|Any CPU
		{A3ABAEAB-9A62-4285-9C43-42D756D46E95}.Debug|Any CPU.Build.0 = Debug|Any CPU
		{A3ABAEAB-9A62-4285-9C43-42D756D46E95}.Debug|ARM.ActiveCfg = Debug|Any CPU
		{A3ABAEAB-9A62-4285-9C43-42D756D46E95}.Debug|ARM.Build.0 = Debug|Any CPU
		{A3ABAEAB-9A62-4285-9C43-42D756D46E95}.Debug|x64.ActiveCfg = Debug|Any CPU
		{A3ABAEAB-9A62-4285-9C43-42D756D46E95}.Debug|x64.Build.0 = Debug|Any CPU
		{A3ABAEAB-9A62-4285-9C43-42D756D46E95}.Debug|x86.ActiveCfg = Debug|Any CPU
		{A3ABAEAB-9A62-4285-9C43-42D756D46E95}.Debug|x86.Build.0 = Debug|Any CPU
		{A3ABAEAB-9A62-4285-9C43-42D756D46E95}.Release|Any CPU.ActiveCfg = Release|Any CPU
		{A3ABAEAB-9A62-4285-9C43-42D756D46E95}.Release|Any CPU.Build.0 = Release|Any CPU
		{A3ABAEAB-9A62-4285-9C43-42D756D46E95}.Release|ARM.ActiveCfg = Release|Any CPU
		{A3ABAEAB-9A62-4285-9C43-42D756D46E95}.Release|ARM.Build.0 = Release|Any CPU
		{A3ABAEAB-9A62-4285-9C43-42D756D46E95}.Release|x64.ActiveCfg = Release|Any CPU
		{A3ABAEAB-9A62-4285-9C43-42D756D46E95}.Release|x64.Build.0 = Release|Any CPU
		{A3ABAEAB-9A62-4285-9C43-42D756D46E95}.Release|x86.ActiveCfg = Release|Any CPU
		{A3ABAEAB-9A62-4285-9C43-42D756D46E95}.Release|x86.Build.0 = Release|Any CPU
		{484CB48F-16C7-4BB0-B1B6-B93C652A61DF}.Debug|Any CPU.ActiveCfg = Debug|Any CPU
		{484CB48F-16C7-4BB0-B1B6-B93C652A61DF}.Debug|Any CPU.Build.0 = Debug|Any CPU
		{484CB48F-16C7-4BB0-B1B6-B93C652A61DF}.Debug|ARM.ActiveCfg = Debug|Any CPU
		{484CB48F-16C7-4BB0-B1B6-B93C652A61DF}.Debug|ARM.Build.0 = Debug|Any CPU
		{484CB48F-16C7-4BB0-B1B6-B93C652A61DF}.Debug|x64.ActiveCfg = Debug|Any CPU
		{484CB48F-16C7-4BB0-B1B6-B93C652A61DF}.Debug|x64.Build.0 = Debug|Any CPU
		{484CB48F-16C7-4BB0-B1B6-B93C652A61DF}.Debug|x86.ActiveCfg = Debug|Any CPU
		{484CB48F-16C7-4BB0-B1B6-B93C652A61DF}.Debug|x86.Build.0 = Debug|Any CPU
		{484CB48F-16C7-4BB0-B1B6-B93C652A61DF}.Release|Any CPU.ActiveCfg = Release|Any CPU
		{484CB48F-16C7-4BB0-B1B6-B93C652A61DF}.Release|Any CPU.Build.0 = Release|Any CPU
		{484CB48F-16C7-4BB0-B1B6-B93C652A61DF}.Release|ARM.ActiveCfg = Release|Any CPU
		{484CB48F-16C7-4BB0-B1B6-B93C652A61DF}.Release|ARM.Build.0 = Release|Any CPU
		{484CB48F-16C7-4BB0-B1B6-B93C652A61DF}.Release|x64.ActiveCfg = Release|Any CPU
		{484CB48F-16C7-4BB0-B1B6-B93C652A61DF}.Release|x64.Build.0 = Release|Any CPU
		{484CB48F-16C7-4BB0-B1B6-B93C652A61DF}.Release|x86.ActiveCfg = Release|Any CPU
		{484CB48F-16C7-4BB0-B1B6-B93C652A61DF}.Release|x86.Build.0 = Release|Any CPU
		{BC8BB10B-0D06-4077-9E6E-45D3AD6C288E}.Debug|Any CPU.ActiveCfg = Debug|Any CPU
		{BC8BB10B-0D06-4077-9E6E-45D3AD6C288E}.Debug|Any CPU.Build.0 = Debug|Any CPU
		{BC8BB10B-0D06-4077-9E6E-45D3AD6C288E}.Debug|ARM.ActiveCfg = Debug|Any CPU
		{BC8BB10B-0D06-4077-9E6E-45D3AD6C288E}.Debug|ARM.Build.0 = Debug|Any CPU
		{BC8BB10B-0D06-4077-9E6E-45D3AD6C288E}.Debug|x64.ActiveCfg = Debug|Any CPU
		{BC8BB10B-0D06-4077-9E6E-45D3AD6C288E}.Debug|x64.Build.0 = Debug|Any CPU
		{BC8BB10B-0D06-4077-9E6E-45D3AD6C288E}.Debug|x86.ActiveCfg = Debug|Any CPU
		{BC8BB10B-0D06-4077-9E6E-45D3AD6C288E}.Debug|x86.Build.0 = Debug|Any CPU
		{BC8BB10B-0D06-4077-9E6E-45D3AD6C288E}.Release|Any CPU.ActiveCfg = Release|Any CPU
		{BC8BB10B-0D06-4077-9E6E-45D3AD6C288E}.Release|Any CPU.Build.0 = Release|Any CPU
		{BC8BB10B-0D06-4077-9E6E-45D3AD6C288E}.Release|ARM.ActiveCfg = Release|Any CPU
		{BC8BB10B-0D06-4077-9E6E-45D3AD6C288E}.Release|ARM.Build.0 = Release|Any CPU
		{BC8BB10B-0D06-4077-9E6E-45D3AD6C288E}.Release|x64.ActiveCfg = Release|Any CPU
		{BC8BB10B-0D06-4077-9E6E-45D3AD6C288E}.Release|x64.Build.0 = Release|Any CPU
		{BC8BB10B-0D06-4077-9E6E-45D3AD6C288E}.Release|x86.ActiveCfg = Release|Any CPU
		{BC8BB10B-0D06-4077-9E6E-45D3AD6C288E}.Release|x86.Build.0 = Release|Any CPU
	EndGlobalSection
	GlobalSection(SolutionProperties) = preSolution
		HideSolutionNode = FALSE
	EndGlobalSection
EndGlobal
